
Microsoft Visual Studio Solution File, Format Version 12.00
# Visual Studio 15
VisualStudioVersion = 15.0.27130.2024
MinimumVisualStudioVersion = 10.0.40219.1
Project("{FAE04EC0-301F-11D3-BF4B-00C04F79EFBC}") = "Pizza shop", "Pizza shop\Pizza shop.csproj", "{3CBE10B1-C0CF-41F3-B5F5-5AAFA8C5E03C}"
EndProject
Global
	GlobalSection(SolutionConfigurationPlatforms) = preSolution
		Debug|Any CPU = Debug|Any CPU
		Release|Any CPU = Release|Any CPU
	EndGlobalSection
	GlobalSection(ProjectConfigurationPlatforms) = postSolution
		{3CBE10B1-C0CF-41F3-B5F5-5AAFA8C5E03C}.Debug|Any CPU.ActiveCfg = Debug|Any CPU
		{3CBE10B1-C0CF-41F3-B5F5-5AAFA8C5E03C}.Debug|Any CPU.Build.0 = Debug|Any CPU
		{3CBE10B1-C0CF-41F3-B5F5-5AAFA8C5E03C}.Release|Any CPU.ActiveCfg = Release|Any CPU
		{3CBE10B1-C0CF-41F3-B5F5-5AAFA8C5E03C}.Release|Any CPU.Build.0 = Release|Any CPU
	EndGlobalSection
	GlobalSection(SolutionProperties) = preSolution
		HideSolutionNode = FALSE
	EndGlobalSection
	GlobalSection(ExtensibilityGlobals) = postSolution
		SolutionGuid = {DBA886F6-4BA5-4069-99C7-2779CA3DCB92}
	EndGlobalSection
EndGlobal
